// !$*UTF8*$!
{
	archiveVersion = 1;
	classes = {
	};
	objectVersion = 46;
	objects = {

/* Begin PBXBuildFile section */
		64B0FDD719DBADCB0036B861 /* main.m in Sources */ = {isa = PBXBuildFile; fileRef = 64B0FDD619DBADCB0036B861 /* main.m */; };
		64B0FDDA19DBADCB0036B861 /* AppDelegate.m in Sources */ = {isa = PBXBuildFile; fileRef = 64B0FDD919DBADCB0036B861 /* AppDelegate.m */; };
		64B0FDDD19DBADCB0036B861 /* ViewController.m in Sources */ = {isa = PBXBuildFile; fileRef = 64B0FDDC19DBADCB0036B861 /* ViewController.m */; };
		64B0FDE019DBADCB0036B861 /* Main.storyboard in Resources */ = {isa = PBXBuildFile; fileRef = 64B0FDDE19DBADCB0036B861 /* Main.storyboard */; };
		64B0FDE219DBADCB0036B861 /* Images.xcassets in Resources */ = {isa = PBXBuildFile; fileRef = 64B0FDE119DBADCB0036B861 /* Images.xcassets */; };
		64B0FDE519DBADCB0036B861 /* LaunchScreen.xib in Resources */ = {isa = PBXBuildFile; fileRef = 64B0FDE319DBADCB0036B861 /* LaunchScreen.xib */; };
		64B0FDF119DBADCB0036B861 /* test1Tests.m in Sources */ = {isa = PBXBuildFile; fileRef = 64B0FDF019DBADCB0036B861 /* test1Tests.m */; };
/* End PBXBuildFile section */

/* Begin PBXContainerItemProxy section */
		64B0FDEB19DBADCB0036B861 /* PBXContainerItemProxy */ = {
			isa = PBXContainerItemProxy;
			containerPortal = 64B0FDC919DBADCB0036B861 /* Project object */;
			proxyType = 1;
			remoteGlobalIDString = 64B0FDD019DBADCB0036B861;
			remoteInfo = test1;
		};
/* End PBXContainerItemProxy section */

/* Begin PBXFileReference section */
		64B0FDD119DBADCB0036B861 /* test1.app */ = {isa = PBXFileReference; explicitFileType = wrapper.application; includeInIndex = 0; path = test1.app; sourceTree = BUILT_PRODUCTS_DIR; };
		64B0FDD519DBADCB0036B861 /* Info.plist */ = {isa = PBXFileReference; lastKnownFileType = text.plist.xml; path = Info.plist; sourceTree = "<group>"; };
		64B0FDD619DBADCB0036B861 /* main.m */ = {isa = PBXFileReference; lastKnownFileType = sourcecode.c.objc; path = main.m; sourceTree = "<group>"; };
		64B0FDD819DBADCB0036B861 /* AppDelegate.h */ = {isa = PBXFileReference; lastKnownFileType = sourcecode.c.h; path = AppDelegate.h; sourceTree = "<group>"; };
		64B0FDD919DBADCB0036B861 /* AppDelegate.m */ = {isa = PBXFileReference; lastKnownFileType = sourcecode.c.objc; path = AppDelegate.m; sourceTree = "<group>"; };
		64B0FDDB19DBADCB0036B861 /* ViewController.h */ = {isa = PBXFileReference; lastKnownFileType = sourcecode.c.h; path = ViewController.h; sourceTree = "<group>"; };
		64B0FDDC19DBADCB0036B861 /* ViewController.m */ = {isa = PBXFileReference; lastKnownFileType = sourcecode.c.objc; path = ViewController.m; sourceTree = "<group>"; };
		64B0FDDF19DBADCB0036B861 /* Base */ = {isa = PBXFileReference; lastKnownFileType = file.storyboard; name = Base; path = Base.lproj/Main.storyboard; sourceTree = "<group>"; };
		64B0FDE119DBADCB0036B861 /* Images.xcassets */ = {isa = PBXFileReference; lastKnownFileType = folder.assetcatalog; path = Images.xcassets; sourceTree = "<group>"; };
		64B0FDE419DBADCB0036B861 /* Base */ = {isa = PBXFileReference; lastKnownFileType = file.xib; name = Base; path = Base.lproj/LaunchScreen.xib; sourceTree = "<group>"; };
		64B0FDEA19DBADCB0036B861 /* test1Tests.xctest */ = {isa = PBXFileReference; explicitFileType = wrapper.cfbundle; includeInIndex = 0; path = test1Tests.xctest; sourceTree = BUILT_PRODUCTS_DIR; };
		64B0FDEF19DBADCB0036B861 /* Info.plist */ = {isa = PBXFileReference; lastKnownFileType = text.plist.xml; path = Info.plist; sourceTree = "<group>"; };
		64B0FDF019DBADCB0036B861 /* test1Tests.m */ = {isa = PBXFileReference; lastKnownFileType = sourcecode.c.objc; path = test1Tests.m; sourceTree = "<group>"; };
/* End PBXFileReference section */

/* Begin PBXFrameworksBuildPhase section */
		64B0FDCE19DBADCB0036B861 /* Frameworks */ = {
			isa = PBXFrameworksBuildPhase;
			buildActionMask = 2147483647;
			files = (
			);
			runOnlyForDeploymentPostprocessing = 0;
		};
		64B0FDE719DBADCB0036B861 /* Frameworks */ = {
			isa = PBXFrameworksBuildPhase;
			buildActionMask = 2147483647;
			files = (
			);
			runOnlyForDeploymentPostprocessing = 0;
		};
/* End PBXFrameworksBuildPhase section */

/* Begin PBXGroup section */
		64B0FDC819DBADCB0036B861 = {
			isa = PBXGroup;
			children = (
				64B0FDD319DBADCB0036B861 /* test1 */,
				64B0FDED19DBADCB0036B861 /* test1Tests */,
				64B0FDD219DBADCB0036B861 /* Products */,
			);
			sourceTree = "<group>";
		};
		64B0FDD219DBADCB0036B861 /* Products */ = {
			isa = PBXGroup;
			children = (
				64B0FDD119DBADCB0036B861 /* test1.app */,
				64B0FDEA19DBADCB0036B861 /* test1Tests.xctest */,
			);
			name = Products;
			sourceTree = "<group>";
		};
		64B0FDD319DBADCB0036B861 /* test1 */ = {
			isa = PBXGroup;
			children = (
				64B0FDD819DBADCB0036B861 /* AppDelegate.h */,
				64B0FDD919DBADCB0036B861 /* AppDelegate.m */,
				64B0FDDB19DBADCB0036B861 /* ViewController.h */,
				64B0FDDC19DBADCB0036B861 /* ViewController.m */,
				64B0FDDE19DBADCB0036B861 /* Main.storyboard */,
				64B0FDE119DBADCB0036B861 /* Images.xcassets */,
				64B0FDE319DBADCB0036B861 /* LaunchScreen.xib */,
				64B0FDD419DBADCB0036B861 /* Supporting Files */,
			);
			path = test1;
			sourceTree = "<group>";
		};
		64B0FDD419DBADCB0036B861 /* Supporting Files */ = {
			isa = PBXGroup;
			children = (
				64B0FDD519DBADCB0036B861 /* Info.plist */,
				64B0FDD619DBADCB0036B861 /* main.m */,
			);
			name = "Supporting Files";
			sourceTree = "<group>";
		};
		64B0FDED19DBADCB0036B861 /* test1Tests */ = {
			isa = PBXGroup;
			children = (
				64B0FDF019DBADCB0036B861 /* test1Tests.m */,
				64B0FDEE19DBADCB0036B861 /* Supporting Files */,
			);
			path = test1Tests;
			sourceTree = "<group>";
		};
		64B0FDEE19DBADCB0036B861 /* Supporting Files */ = {
			isa = PBXGroup;
			children = (
				64B0FDEF19DBADCB0036B861 /* Info.plist */,
			);
			name = "Supporting Files";
			sourceTree = "<group>";
		};
/* End PBXGroup section */

/* Begin PBXNativeTarget section */
		64B0FDD019DBADCB0036B861 /* test1 */ = {
			isa = PBXNativeTarget;
			buildConfigurationList = 64B0FDF419DBADCB0036B861 /* Build configuration list for PBXNativeTarget "test1" */;
			buildPhases = (
				64B0FDCD19DBADCB0036B861 /* Sources */,
				64B0FDCE19DBADCB0036B861 /* Frameworks */,
				64B0FDCF19DBADCB0036B861 /* Resources */,
			);
			buildRules = (
			);
			dependencies = (
			);
			name = test1;
			productName = test1;
			productReference = 64B0FDD119DBADCB0036B861 /* test1.app */;
			productType = "com.apple.product-type.application";
		};
		64B0FDE919DBADCB0036B861 /* test1Tests */ = {
			isa = PBXNativeTarget;
			buildConfigurationList = 64B0FDF719DBADCB0036B861 /* Build configuration list for PBXNativeTarget "test1Tests" */;
			buildPhases = (
				64B0FDE619DBADCB0036B861 /* Sources */,
				64B0FDE719DBADCB0036B861 /* Frameworks */,
				64B0FDE819DBADCB0036B861 /* Resources */,
			);
			buildRules = (
			);
			dependencies = (
				64B0FDEC19DBADCB0036B861 /* PBXTargetDependency */,
			);
			name = test1Tests;
			productName = test1Tests;
			productReference = 64B0FDEA19DBADCB0036B861 /* test1Tests.xctest */;
			productType = "com.apple.product-type.bundle.unit-test";
		};
/* End PBXNativeTarget section */

/* Begin PBXProject section */
		64B0FDC919DBADCB0036B861 /* Project object */ = {
			isa = PBXProject;
			attributes = {
				LastUpgradeCheck = 0600;
				ORGANIZATIONNAME = "Hoang Sam";
				TargetAttributes = {
					64B0FDD019DBADCB0036B861 = {
						CreatedOnToolsVersion = 6.0.1;
					};
					64B0FDE919DBADCB0036B861 = {
						CreatedOnToolsVersion = 6.0.1;
						TestTargetID = 64B0FDD019DBADCB0036B861;
					};
				};
			};
			buildConfigurationList = 64B0FDCC19DBADCB0036B861 /* Build configuration list for PBXProject "test1" */;
			compatibilityVersion = "Xcode 3.2";
			developmentRegion = English;
			hasScannedForEncodings = 0;
			knownRegions = (
				en,
				Base,
			);
			mainGroup = 64B0FDC819DBADCB0036B861;
			productRefGroup = 64B0FDD219DBADCB0036B861 /* Products */;
			projectDirPath = "";
			projectRoot = "";
			targets = (
				64B0FDD019DBADCB0036B861 /* test1 */,
				64B0FDE919DBADCB0036B861 /* test1Tests */,
			);
		};
/* End PBXProject section */

/* Begin PBXResourcesBuildPhase section */
		64B0FDCF19DBADCB0036B861 /* Resources */ = {
			isa = PBXResourcesBuildPhase;
			buildActionMask = 2147483647;
			files = (
				64B0FDE019DBADCB0036B861 /* Main.storyboard in Resources */,
				64B0FDE519DBADCB0036B861 /* LaunchScreen.xib in Resources */,
				64B0FDE219DBADCB0036B861 /* Images.xcassets in Resources */,
			);
			runOnlyForDeploymentPostprocessing = 0;
		};
		64B0FDE819DBADCB0036B861 /* Resources */ = {
			isa = PBXResourcesBuildPhase;
			buildActionMask = 2147483647;
			files = (
			);
			runOnlyForDeploymentPostprocessing = 0;
		};
/* End PBXResourcesBuildPhase section */

/* Begin PBXSourcesBuildPhase section */
		64B0FDCD19DBADCB0036B861 /* Sources */ = {
			isa = PBXSourcesBuildPhase;
			buildActionMask = 2147483647;
			files = (
				64B0FDDD19DBADCB0036B861 /* ViewController.m in Sources */,
				64B0FDDA19DBADCB0036B861 /* AppDelegate.m in Sources */,
				64B0FDD719DBADCB0036B861 /* main.m in Sources */,
			);
			runOnlyForDeploymentPostprocessing = 0;
		};
		64B0FDE619DBADCB0036B861 /* Sources */ = {
			isa = PBXSourcesBuildPhase;
			buildActionMask = 2147483647;
			files = (
				64B0FDF119DBADCB0036B861 /* test1Tests.m in Sources */,
			);
			runOnlyForDeploymentPostprocessing = 0;
		};
/* End PBXSourcesBuildPhase section */

/* Begin PBXTargetDependency section */
		64B0FDEC19DBADCB0036B861 /* PBXTargetDependency */ = {
			isa = PBXTargetDependency;
			target = 64B0FDD019DBADCB0036B861 /* test1 */;
			targetProxy = 64B0FDEB19DBADCB0036B861 /* PBXContainerItemProxy */;
		};
/* End PBXTargetDependency section */

/* Begin PBXVariantGroup section */
		64B0FDDE19DBADCB0036B861 /* Main.storyboard */ = {
			isa = PBXVariantGroup;
			children = (
				64B0FDDF19DBADCB0036B861 /* Base */,
			);
			name = Main.storyboard;
			sourceTree = "<group>";
		};
		64B0FDE319DBADCB0036B861 /* LaunchScreen.xib */ = {
			isa = PBXVariantGroup;
			children = (
				64B0FDE419DBADCB0036B861 /* Base */,
			);
			name = LaunchScreen.xib;
			sourceTree = "<group>";
		};
/* End PBXVariantGroup section */

/* Begin XCBuildConfiguration section */
		64B0FDF219DBADCB0036B861 /* Debug */ = {
			isa = XCBuildConfiguration;
			buildSettings = {
				ALWAYS_SEARCH_USER_PATHS = NO;
				CLANG_CXX_LANGUAGE_STANDARD = "gnu++0x";
				CLANG_CXX_LIBRARY = "libc++";
				CLANG_ENABLE_MODULES = YES;
				CLANG_ENABLE_OBJC_ARC = YES;
				CLANG_WARN_BOOL_CONVERSION = YES;
				CLANG_WARN_CONSTANT_CONVERSION = YES;
				CLANG_WARN_DIRECT_OBJC_ISA_USAGE = YES_ERROR;
				CLANG_WARN_EMPTY_BODY = YES;
				CLANG_WARN_ENUM_CONVERSION = YES;
				CLANG_WARN_INT_CONVERSION = YES;
				CLANG_WARN_OBJC_ROOT_CLASS = YES_ERROR;
				CLANG_WARN_UNREACHABLE_CODE = YES;
				CLANG_WARN__DUPLICATE_METHOD_MATCH = YES;
				"CODE_SIGN_IDENTITY[sdk=iphoneos*]" = "iPhone Developer";
				COPY_PHASE_STRIP = NO;
				ENABLE_STRICT_OBJC_MSGSEND = YES;
				GCC_C_LANGUAGE_STANDARD = gnu99;
				GCC_DYNAMIC_NO_PIC = NO;
				GCC_OPTIMIZATION_LEVEL = 0;
				GCC_PREPROCESSOR_DEFINITIONS = (
					"DEBUG=1",
					"$(inherited)",
				);
				GCC_SYMBOLS_PRIVATE_EXTERN = NO;
				GCC_WARN_64_TO_32_BIT_CONVERSION = YES;
				GCC_WARN_ABOUT_RETURN_TYPE = YES_ERROR;
				GCC_WARN_UNDECLARED_SELECTOR = YES;
				GCC_WARN_UNINITIALIZED_AUTOS = YES_AGGRESSIVE;
				GCC_WARN_UNUSED_FUNCTION = YES;
				GCC_WARN_UNUSED_VARIABLE = YES;
				IPHONEOS_DEPLOYMENT_TARGET = 8.0;
				MTL_ENABLE_DEBUG_INFO = YES;
				ONLY_ACTIVE_ARCH = YES;
				SDKROOT = iphoneos;
				TARGETED_DEVICE_FAMILY = 2;
			};
			name = Debug;
		};
		64B0FDF319DBADCB0036B861 /* Release */ = {
			isa = XCBuildConfiguration;
			buildSettings = {
				ALWAYS_SEARCH_USER_PATHS = NO;
				CLANG_CXX_LANGUAGE_STANDARD = "gnu++0x";
				CLANG_CXX_LIBRARY = "libc++";
				CLANG_ENABLE_MODULES = YES;
				CLANG_ENABLE_OBJC_ARC = YES;
				CLANG_WARN_BOOL_CONVERSION = YES;
				CLANG_WARN_CONSTANT_CONVERSION = YES;
				CLANG_WARN_DIRECT_OBJC_ISA_USAGE = YES_ERROR;
				CLANG_WARN_EMPTY_BODY = YES;
				CLANG_WARN_ENUM_CONVERSION = YES;
				CLANG_WARN_INT_CONVERSION = YES;
				CLANG_WARN_OBJC_ROOT_CLASS = YES_ERROR;
				CLANG_WARN_UNREACHABLE_CODE = YES;
				CLANG_WARN__DUPLICATE_METHOD_MATCH = YES;
				"CODE_SIGN_IDENTITY[sdk=iphoneos*]" = "iPhone Developer";
				COPY_PHASE_STRIP = YES;
				ENABLE_NS_ASSERTIONS = NO;
				ENABLE_STRICT_OBJC_MSGSEND = YES;
				GCC_C_LANGUAGE_STANDARD = gnu99;
				GCC_WARN_64_TO_32_BIT_CONVERSION = YES;
				GCC_WARN_ABOUT_RETURN_TYPE = YES_ERROR;
				GCC_WARN_UNDECLARED_SELECTOR = YES;
				GCC_WARN_UNINITIALIZED_AUTOS = YES_AGGRESSIVE;
				GCC_WARN_UNUSED_FUNCTION = YES;
				GCC_WARN_UNUSED_VARIABLE = YES;
				IPHONEOS_DEPLOYMENT_TARGET = 8.0;
				MTL_ENABLE_DEBUG_INFO = NO;
				SDKROOT = iphoneos;
				TARGETED_DEVICE_FAMILY = 2;
				VALIDATE_PRODUCT = YES;
			};
			name = Release;
		};
		64B0FDF519DBADCB0036B861 /* Debug */ = {
			isa = XCBuildConfiguration;
			buildSettings = {
				ASSETCATALOG_COMPILER_APPICON_NAME = AppIcon;
				INFOPLIST_FILE = test1/Info.plist;
				LD_RUNPATH_SEARCH_PATHS = "$(inherited) @executable_path/Frameworks";
				PRODUCT_NAME = "$(TARGET_NAME)";
			};
			name = Debug;
		};
		64B0FDF619DBADCB0036B861 /* Release */ = {
			isa = XCBuildConfiguration;
			buildSettings = {
				ASSETCATALOG_COMPILER_APPICON_NAME = AppIcon;
				INFOPLIST_FILE = test1/Info.plist;
				LD_RUNPATH_SEARCH_PATHS = "$(inherited) @executable_path/Frameworks";
				PRODUCT_NAME = "$(TARGET_NAME)";
			};
			name = Release;
		};
		64B0FDF819DBADCB0036B861 /* Debug */ = {
			isa = XCBuildConfiguration;
			buildSettings = {
				BUNDLE_LOADER = "$(TEST_HOST)";
				FRAMEWORK_SEARCH_PATHS = (
					"$(SDKROOT)/Developer/Library/Frameworks",
					"$(inherited)",
				);
				GCC_PREPROCESSOR_DEFINITIONS = (
					"DEBUG=1",
					"$(inherited)",
				);
				INFOPLIST_FILE = test1Tests/Info.plist;
				LD_RUNPATH_SEARCH_PATHS = "$(inherited) @executable_path/Frameworks @loader_path/Frameworks";
				PRODUCT_NAME = "$(TARGET_NAME)";
				TEST_HOST = "$(BUILT_PRODUCTS_DIR)/test1.app/test1";
			};
			name = Debug;
		};
		64B0FDF919DBADCB0036B861 /* Release */ = {
			isa = XCBuildConfiguration;
			buildSettings = {
				BUNDLE_LOADER = "$(TEST_HOST)";
				FRAMEWORK_SEARCH_PATHS = (
					"$(SDKROOT)/Developer/Library/Frameworks",
					"$(inherited)",
				);
				INFOPLIST_FILE = test1Tests/Info.plist;
				LD_RUNPATH_SEARCH_PATHS = "$(inherited) @executable_path/Frameworks @loader_path/Frameworks";
				PRODUCT_NAME = "$(TARGET_NAME)";
				TEST_HOST = "$(BUILT_PRODUCTS_DIR)/test1.app/test1";
			};
			name = Release;
		};
/* End XCBuildConfiguration section */

/* Begin XCConfigurationList section */
		64B0FDCC19DBADCB0036B861 /* Build configuration list for PBXProject "test1" */ = {
			isa = XCConfigurationList;
			buildConfigurations = (
				64B0FDF219DBADCB0036B861 /* Debug */,
				64B0FDF319DBADCB0036B861 /* Release */,
			);
			defaultConfigurationIsVisible = 0;
			defaultConfigurationName = Release;
		};
		64B0FDF419DBADCB0036B861 /* Build configuration list for PBXNativeTarget "test1" */ = {
			isa = XCConfigurationList;
			buildConfigurations = (
				64B0FDF519DBADCB0036B861 /* Debug */,
				64B0FDF619DBADCB0036B861 /* Release */,
			);
			defaultConfigurationIsVisible = 0;
		};
		64B0FDF719DBADCB0036B861 /* Build configuration list for PBXNativeTarget "test1Tests" */ = {
			isa = XCConfigurationList;
			buildConfigurations = (
				64B0FDF819DBADCB0036B861 /* Debug */,
				64B0FDF919DBADCB0036B861 /* Release */,
			);
			defaultConfigurationIsVisible = 0;
		};
/* End XCConfigurationList section */
	};
	rootObject = 64B0FDC919DBADCB0036B861 /* Project object */;
}
